// !$*UTF8*$!
{
	archiveVersion = 1;
	classes = {
	};
	objectVersion = 77;
	objects = {

/* Begin PBXBuildFile section */
		5EEC33801A55E13D9C33E9BA /* Pods_Movies.framework in Frameworks */ = {isa = PBXBuildFile; fileRef = AD574074D4EC7A9C8AE483C6 /* Pods_Movies.framework */; };
		73001FF62D75F4A400ACB84B /* SearchCell.xib in Resources */ = {isa = PBXBuildFile; fileRef = 73001FF52D75F4A400ACB84B /* SearchCell.xib */; };
		73001FF72D75F4A400ACB84B /* SearchCell.swift in Sources */ = {isa = PBXBuildFile; fileRef = 73001FF42D75F4A400ACB84B /* SearchCell.swift */; };
		73067F042D81C6590042E0C4 /* Extension + Alert.swift in Sources */ = {isa = PBXBuildFile; fileRef = 73067F032D81C6590042E0C4 /* Extension + Alert.swift */; };
		73067F082D81CDD50042E0C4 /* SaveMoviePopUp.xib in Resources */ = {isa = PBXBuildFile; fileRef = 73067F072D81CDD50042E0C4 /* SaveMoviePopUp.xib */; };
		73067F092D81CDD50042E0C4 /* SaveMoviePopUp.swift in Sources */ = {isa = PBXBuildFile; fileRef = 73067F062D81CDD50042E0C4 /* SaveMoviePopUp.swift */; };
		7318A0DC2D8FFD5900DA3898 /* FilterCriteriaBottomSheets.xib in Resources */ = {isa = PBXBuildFile; fileRef = 7318A0DB2D8FFD5900DA3898 /* FilterCriteriaBottomSheets.xib */; };
		7318A0DD2D8FFD5900DA3898 /* FilterCriteriaBottomSheets.swift in Sources */ = {isa = PBXBuildFile; fileRef = 7318A0DA2D8FFD5900DA3898 /* FilterCriteriaBottomSheets.swift */; };
		731AD1E22DBA73A2008EA423 /* LoginViewController.xib in Resources */ = {isa = PBXBuildFile; fileRef = 731AD1E12DBA73A2008EA423 /* LoginViewController.xib */; };
		731AD1E32DBA73A2008EA423 /* LoginViewController.swift in Sources */ = {isa = PBXBuildFile; fileRef = 731AD1E02DBA73A2008EA423 /* LoginViewController.swift */; };
		731AD1E72DBA73D4008EA423 /* SignUpViewController.xib in Resources */ = {isa = PBXBuildFile; fileRef = 731AD1E62DBA73D4008EA423 /* SignUpViewController.xib */; };
		731AD1E82DBA73D4008EA423 /* SignUpViewController.swift in Sources */ = {isa = PBXBuildFile; fileRef = 731AD1E52DBA73D4008EA423 /* SignUpViewController.swift */; };
		731AD1ED2DBA7412008EA423 /* ForgotPasswordViewController.xib in Resources */ = {isa = PBXBuildFile; fileRef = 731AD1EC2DBA7412008EA423 /* ForgotPasswordViewController.xib */; };
		731AD1EE2DBA7412008EA423 /* ForgotPasswordViewController.swift in Sources */ = {isa = PBXBuildFile; fileRef = 731AD1EB2DBA7412008EA423 /* ForgotPasswordViewController.swift */; };
		73215BB22D71A8F400595A86 /* AppDelegate.swift in Sources */ = {isa = PBXBuildFile; fileRef = 73215BA82D71A8F400595A86 /* AppDelegate.swift */; };
		73215BB32D71A8F400595A86 /* SceneDelegate.swift in Sources */ = {isa = PBXBuildFile; fileRef = 73215BAF2D71A8F400595A86 /* SceneDelegate.swift */; };
		73215BB42D71A8F400595A86 /* ViewController.swift in Sources */ = {isa = PBXBuildFile; fileRef = 73215BB02D71A8F400595A86 /* ViewController.swift */; };
		73215BB52D71A8F400595A86 /* Assets.xcassets in Resources */ = {isa = PBXBuildFile; fileRef = 73215BA92D71A8F400595A86 /* Assets.xcassets */; };
		73215BB72D71A8F400595A86 /* LaunchScreen.storyboard in Resources */ = {isa = PBXBuildFile; fileRef = 73215BAC2D71A8F400595A86 /* LaunchScreen.storyboard */; };
		73215BB82D71A8F400595A86 /* Main.storyboard in Resources */ = {isa = PBXBuildFile; fileRef = 73215BAE2D71A8F400595A86 /* Main.storyboard */; };
		73215BC12D71AE8200595A86 /* Localizable.strings in Resources */ = {isa = PBXBuildFile; fileRef = 73215BBF2D71AE8200595A86 /* Localizable.strings */; };
		73215BC92D71AFF500595A86 /* HomeViewController.swift in Sources */ = {isa = PBXBuildFile; fileRef = 73215BC72D71AFF500595A86 /* HomeViewController.swift */; };
		73215BCA2D71AFF500595A86 /* HomeViewController.xib in Resources */ = {isa = PBXBuildFile; fileRef = 73215BC82D71AFF500595A86 /* HomeViewController.xib */; };
		73215BD62D71B03F00595A86 /* SettingViewController.xib in Resources */ = {isa = PBXBuildFile; fileRef = 73215BD52D71B03F00595A86 /* SettingViewController.xib */; };
		73215BD72D71B03F00595A86 /* SettingViewController.swift in Sources */ = {isa = PBXBuildFile; fileRef = 73215BD42D71B03F00595A86 /* SettingViewController.swift */; };
		73215BDD2D71BF2000595A86 /* TabbarViewController.swift in Sources */ = {isa = PBXBuildFile; fileRef = 73215BDB2D71BF2000595A86 /* TabbarViewController.swift */; };
		73215BDE2D71BF2000595A86 /* TabbarViewController.xib in Resources */ = {isa = PBXBuildFile; fileRef = 73215BDC2D71BF2000595A86 /* TabbarViewController.xib */; };
		73215BE32D71C8A900595A86 /* HomeCell.xib in Resources */ = {isa = PBXBuildFile; fileRef = 73215BE22D71C8A900595A86 /* HomeCell.xib */; };
		73215BE42D71C8A900595A86 /* HomeCell.swift in Sources */ = {isa = PBXBuildFile; fileRef = 73215BE12D71C8A900595A86 /* HomeCell.swift */; };
		73215BE62D71D5D100595A86 /* FirebaseManager.swift in Sources */ = {isa = PBXBuildFile; fileRef = 73215BE52D71D5A100595A86 /* FirebaseManager.swift */; };
		73215BEA2D71D92800595A86 /* CompareMoviesViewController.xib in Resources */ = {isa = PBXBuildFile; fileRef = 73215BE92D71D92800595A86 /* CompareMoviesViewController.xib */; };
		73215BEB2D71D92800595A86 /* CompareMoviesViewController.swift in Sources */ = {isa = PBXBuildFile; fileRef = 73215BE82D71D92800595A86 /* CompareMoviesViewController.swift */; };
		732E323F2D9F3388005A0E9C /* HistoryHeaderView.xib in Resources */ = {isa = PBXBuildFile; fileRef = 732E323E2D9F3387005A0E9C /* HistoryHeaderView.xib */; };
		732E32402D9F3388005A0E9C /* HistoryHeaderView.swift in Sources */ = {isa = PBXBuildFile; fileRef = 732E323D2D9F3387005A0E9C /* HistoryHeaderView.swift */; };
		7345B90A2E5768E000BD4926 /* FirebaseModel.swift in Sources */ = {isa = PBXBuildFile; fileRef = 7345B9092E5768E000BD4926 /* FirebaseModel.swift */; };
		7345CDE12DA17C2A00B33F6D /* FooterCell.swift in Sources */ = {isa = PBXBuildFile; fileRef = 7345CDE02DA17C2A00B33F6D /* FooterCell.swift */; };
		7345CDE32DA17C3D00B33F6D /* FooterCell.xib in Resources */ = {isa = PBXBuildFile; fileRef = 7345CDE22DA17C3D00B33F6D /* FooterCell.xib */; };
		734857A22DC29FA100CBD04F /* Extension + Auth.swift in Sources */ = {isa = PBXBuildFile; fileRef = 734857A12DC29FA100CBD04F /* Extension + Auth.swift */; };
		734CBBA02D9217A5004B613A /* ResultsMoreCell.xib in Resources */ = {isa = PBXBuildFile; fileRef = 734CBB9F2D9217A5004B613A /* ResultsMoreCell.xib */; };
		734CBBA12D9217A5004B613A /* ResultsMoreCell.swift in Sources */ = {isa = PBXBuildFile; fileRef = 734CBB9E2D9217A5004B613A /* ResultsMoreCell.swift */; };
		73554BE82DC5449A0052ED31 /* GoogleService-Info.plist in Resources */ = {isa = PBXBuildFile; fileRef = 73554BE72DC5449A0052ED31 /* GoogleService-Info.plist */; };
		7355C6812D9CC9D7005A2D16 /* Extension + Date.swift in Sources */ = {isa = PBXBuildFile; fileRef = 7355C6802D9CC9D7005A2D16 /* Extension + Date.swift */; };
		7359B7BD2D74AAD80049FAB5 /* SearchMoviesViewController.swift in Sources */ = {isa = PBXBuildFile; fileRef = 7359B7BB2D74AAD80049FAB5 /* SearchMoviesViewController.swift */; };
		7359B7BE2D74AAD80049FAB5 /* SearchMoviesViewController.xib in Resources */ = {isa = PBXBuildFile; fileRef = 7359B7BC2D74AAD80049FAB5 /* SearchMoviesViewController.xib */; };
		7359B7C32D74C4960049FAB5 /* CompareCell.xib in Resources */ = {isa = PBXBuildFile; fileRef = 7359B7C22D74C4960049FAB5 /* CompareCell.xib */; };
		7359B7C42D74C4960049FAB5 /* CompareCell.swift in Sources */ = {isa = PBXBuildFile; fileRef = 7359B7C12D74C4960049FAB5 /* CompareCell.swift */; };
		7359B7C92D74E5A60049FAB5 /* ResultsViewController.xib in Resources */ = {isa = PBXBuildFile; fileRef = 7359B7C82D74E5A60049FAB5 /* ResultsViewController.xib */; };
		7359B7CA2D74E5A60049FAB5 /* ResultsViewController.swift in Sources */ = {isa = PBXBuildFile; fileRef = 7359B7C72D74E5A60049FAB5 /* ResultsViewController.swift */; };
		7359B7D22D74E8170049FAB5 /* ResultsCell.swift in Sources */ = {isa = PBXBuildFile; fileRef = 7359B7D02D74E8170049FAB5 /* ResultsCell.swift */; };
		7359B7D32D74E8170049FAB5 /* ResultsCell.xib in Resources */ = {isa = PBXBuildFile; fileRef = 7359B7D12D74E8170049FAB5 /* ResultsCell.xib */; };
		735E2B332D869A8A00BB3562 /* CustomHeaderMoreView.swift in Sources */ = {isa = PBXBuildFile; fileRef = 735E2B322D869A8A00BB3562 /* CustomHeaderMoreView.swift */; };
		735E2B352D869A9800BB3562 /* CustomHeaderMoreView.xib in Resources */ = {isa = PBXBuildFile; fileRef = 735E2B342D869A9800BB3562 /* CustomHeaderMoreView.xib */; };
		7360A5562D811B860084E567 /* SettingCell.xib in Resources */ = {isa = PBXBuildFile; fileRef = 7360A5552D811B860084E567 /* SettingCell.xib */; };
		7360A5572D811B860084E567 /* SettingCell.swift in Sources */ = {isa = PBXBuildFile; fileRef = 7360A5542D811B860084E567 /* SettingCell.swift */; };
		7360A55A2D81236B0084E567 /* HistoryViewController.xib in Resources */ = {isa = PBXBuildFile; fileRef = 7360A5592D81236B0084E567 /* HistoryViewController.xib */; };
		7360A55B2D81236B0084E567 /* HistoryViewController.swift in Sources */ = {isa = PBXBuildFile; fileRef = 7360A5582D81236B0084E567 /* HistoryViewController.swift */; };
		7360A5642D81277D0084E567 /* WatchlistCell.xib in Resources */ = {isa = PBXBuildFile; fileRef = 7360A5622D81277D0084E567 /* WatchlistCell.xib */; };
		7360A5652D81277D0084E567 /* WatchlistCell.swift in Sources */ = {isa = PBXBuildFile; fileRef = 7360A5612D81277D0084E567 /* WatchlistCell.swift */; };
		736B98EF2DAE9FE200A0FF62 /* LanguageBottomSheets.xib in Resources */ = {isa = PBXBuildFile; fileRef = 736B98EE2DAE9FE200A0FF62 /* LanguageBottomSheets.xib */; };
		736B98F02DAE9FE200A0FF62 /* LanguageBottomSheets.swift in Sources */ = {isa = PBXBuildFile; fileRef = 736B98ED2DAE9FE200A0FF62 /* LanguageBottomSheets.swift */; };
		736B98F32DAEA48900A0FF62 /* UserDefaultKey.swift in Sources */ = {isa = PBXBuildFile; fileRef = 736B98F22DAEA48400A0FF62 /* UserDefaultKey.swift */; };
		738482D02D8B8F4B009BA729 /* SelectCell.swift in Sources */ = {isa = PBXBuildFile; fileRef = 738482CE2D8B8F4B009BA729 /* SelectCell.swift */; };
		738482D12D8B8F4B009BA729 /* SelectCell.xib in Resources */ = {isa = PBXBuildFile; fileRef = 738482CF2D8B8F4B009BA729 /* SelectCell.xib */; };
		738F4BAD2DAA1FBC004F5C10 /* Extension + Gesture.swift in Sources */ = {isa = PBXBuildFile; fileRef = 738F4BAC2DAA1FB9004F5C10 /* Extension + Gesture.swift */; };
		738F97362E5DF9BD00107EFB /* CommentViewController.xib in Resources */ = {isa = PBXBuildFile; fileRef = 738F97352E5DF9BD00107EFB /* CommentViewController.xib */; };
		738F97372E5DF9BD00107EFB /* CommentViewController.swift in Sources */ = {isa = PBXBuildFile; fileRef = 738F97342E5DF9BD00107EFB /* CommentViewController.swift */; };
		739480B32D77E90900980400 /* Extension + Image.swift in Sources */ = {isa = PBXBuildFile; fileRef = 739480B22D77E8F800980400 /* Extension + Image.swift */; };
		739574D82D78BBD1002B9C1F /* Extension + GradientLayer.swift in Sources */ = {isa = PBXBuildFile; fileRef = 739574D72D78BBBE002B9C1F /* Extension + GradientLayer.swift */; };
		739EC4072DAAA22300446B29 /* OnboardingViewController.swift in Sources */ = {isa = PBXBuildFile; fileRef = 739EC4052DAAA22300446B29 /* OnboardingViewController.swift */; };
		739EC4082DAAA22300446B29 /* OnboardingViewController.xib in Resources */ = {isa = PBXBuildFile; fileRef = 739EC4062DAAA22300446B29 /* OnboardingViewController.xib */; };
		739EC40C2DAAA3D300446B29 /* OnboardingCell.swift in Sources */ = {isa = PBXBuildFile; fileRef = 739EC40A2DAAA3D300446B29 /* OnboardingCell.swift */; };
		739EC40D2DAAA3D300446B29 /* OnboardingCell.xib in Resources */ = {isa = PBXBuildFile; fileRef = 739EC40B2DAAA3D300446B29 /* OnboardingCell.xib */; };
		739EC4112DAAC1DC00446B29 /* OnboaringSlide.swift in Sources */ = {isa = PBXBuildFile; fileRef = 739EC4102DAAC1DC00446B29 /* OnboaringSlide.swift */; };
		739F6BB72E560E09004DEA61 /* BaseViewController.swift in Sources */ = {isa = PBXBuildFile; fileRef = 739F6BB52E560E09004DEA61 /* BaseViewController.swift */; };
		739F6BB82E560E09004DEA61 /* BaseViewController.xib in Resources */ = {isa = PBXBuildFile; fileRef = 739F6BB62E560E09004DEA61 /* BaseViewController.xib */; };
		73A60A952E586E4800951F09 /* UsersViewController.swift in Sources */ = {isa = PBXBuildFile; fileRef = 73A60A932E586E4800951F09 /* UsersViewController.swift */; };
		73A60A962E586E4800951F09 /* UsersViewController.xib in Resources */ = {isa = PBXBuildFile; fileRef = 73A60A942E586E4800951F09 /* UsersViewController.xib */; };
		73A6DA912DAD493700A1637E /* FeedbackViewController.xib in Resources */ = {isa = PBXBuildFile; fileRef = 73A6DA902DAD493700A1637E /* FeedbackViewController.xib */; };
		73A6DA922DAD493700A1637E /* FeedbackViewController.swift in Sources */ = {isa = PBXBuildFile; fileRef = 73A6DA8F2DAD493700A1637E /* FeedbackViewController.swift */; };
		73A6DAA22DAD638A00A1637E /* ChatViewController.swift in Sources */ = {isa = PBXBuildFile; fileRef = 73A6DAA02DAD638A00A1637E /* ChatViewController.swift */; };
		73A6DAA32DAD638A00A1637E /* ChatViewController.xib in Resources */ = {isa = PBXBuildFile; fileRef = 73A6DAA12DAD638A00A1637E /* ChatViewController.xib */; };
		73C05BCB2D9E36F5006DAC44 /* PlayVideoViewController.swift in Sources */ = {isa = PBXBuildFile; fileRef = 73C05BC92D9E36F5006DAC44 /* PlayVideoViewController.swift */; };
		73C05BCC2D9E36F5006DAC44 /* PlayVideoViewController.xib in Resources */ = {isa = PBXBuildFile; fileRef = 73C05BCA2D9E36F5006DAC44 /* PlayVideoViewController.xib */; };
		73C283AB2E598F02000E1CE2 /* AddMovieViewController.xib in Resources */ = {isa = PBXBuildFile; fileRef = 73C283AA2E598F02000E1CE2 /* AddMovieViewController.xib */; };
		73C283AC2E598F02000E1CE2 /* AddMovieViewController.swift in Sources */ = {isa = PBXBuildFile; fileRef = 73C283A92E598F02000E1CE2 /* AddMovieViewController.swift */; };
		73C652472D7D7C1500ED524D /* CustomHeaderView.swift in Sources */ = {isa = PBXBuildFile; fileRef = 73C652462D7D7C1500ED524D /* CustomHeaderView.swift */; };
		73C652492D7D7C2300ED524D /* CustomHeaderView.xib in Resources */ = {isa = PBXBuildFile; fileRef = 73C652482D7D7C2300ED524D /* CustomHeaderView.xib */; };
		73CAA55C2D92BBEB00983DF0 /* DetailsViewController.xib in Resources */ = {isa = PBXBuildFile; fileRef = 73CAA55B2D92BBEB00983DF0 /* DetailsViewController.xib */; };
		73CAA55D2D92BBEB00983DF0 /* DetailsViewController.swift in Sources */ = {isa = PBXBuildFile; fileRef = 73CAA55A2D92BBEB00983DF0 /* DetailsViewController.swift */; };
		73D0896A2D7B7CAA001C61DB /* Extension + Radius.swift in Sources */ = {isa = PBXBuildFile; fileRef = 73D089692D7B7CAA001C61DB /* Extension + Radius.swift */; };
		73D0896C2D7B7D81001C61DB /* Extension + Border.swift in Sources */ = {isa = PBXBuildFile; fileRef = 73D0896B2D7B7D67001C61DB /* Extension + Border.swift */; };
		73D0896E2D7B7DAF001C61DB /* Extension + Corner.swift in Sources */ = {isa = PBXBuildFile; fileRef = 73D0896D2D7B7D9B001C61DB /* Extension + Corner.swift */; };
		73DADFC12D82355000F1ACD7 /* NewFolderPopUp.swift in Sources */ = {isa = PBXBuildFile; fileRef = 73DADFBF2D82355000F1ACD7 /* NewFolderPopUp.swift */; };
		73DADFC22D82355000F1ACD7 /* NewFolderPopUp.xib in Resources */ = {isa = PBXBuildFile; fileRef = 73DADFC02D82355000F1ACD7 /* NewFolderPopUp.xib */; };
		73DADFC72D8239A900F1ACD7 /* FolderWatchListViewController.swift in Sources */ = {isa = PBXBuildFile; fileRef = 73DADFC52D8239A900F1ACD7 /* FolderWatchListViewController.swift */; };
		73DADFC82D8239A900F1ACD7 /* FolderWatchListViewController.xib in Resources */ = {isa = PBXBuildFile; fileRef = 73DADFC62D8239A900F1ACD7 /* FolderWatchListViewController.xib */; };
		73DADFCA2D823C4E00F1ACD7 /* Extension + PopUp.swift in Sources */ = {isa = PBXBuildFile; fileRef = 73DADFC92D823C3F00F1ACD7 /* Extension + PopUp.swift */; };
		73DADFCE2D82445900F1ACD7 /* FolderCell.swift in Sources */ = {isa = PBXBuildFile; fileRef = 73DADFCC2D82445900F1ACD7 /* FolderCell.swift */; };
		73DADFCF2D82445900F1ACD7 /* FolderCell.xib in Resources */ = {isa = PBXBuildFile; fileRef = 73DADFCD2D82445900F1ACD7 /* FolderCell.xib */; };
		73E5DD632D8376CC00C75E53 /* SelectFolderBottomSheets.swift in Sources */ = {isa = PBXBuildFile; fileRef = 73E5DD612D8376CC00C75E53 /* SelectFolderBottomSheets.swift */; };
		73E5DD642D8376CC00C75E53 /* SelectFolderBottomSheets.xib in Resources */ = {isa = PBXBuildFile; fileRef = 73E5DD622D8376CC00C75E53 /* SelectFolderBottomSheets.xib */; };
		73E5DD682D839DCA00C75E53 /* WatchListViewController.swift in Sources */ = {isa = PBXBuildFile; fileRef = 73E5DD662D839DCA00C75E53 /* WatchListViewController.swift */; };
		73E5DD692D839DCA00C75E53 /* WatchListViewController.xib in Resources */ = {isa = PBXBuildFile; fileRef = 73E5DD672D839DCA00C75E53 /* WatchListViewController.xib */; };
/* End PBXBuildFile section */

/* Begin PBXFileReference section */
		73001FF42D75F4A400ACB84B /* SearchCell.swift */ = {isa = PBXFileReference; lastKnownFileType = sourcecode.swift; path = SearchCell.swift; sourceTree = "<group>"; };
		73001FF52D75F4A400ACB84B /* SearchCell.xib */ = {isa = PBXFileReference; lastKnownFileType = file.xib; path = SearchCell.xib; sourceTree = "<group>"; };
		73067F032D81C6590042E0C4 /* Extension + Alert.swift */ = {isa = PBXFileReference; lastKnownFileType = sourcecode.swift; path = "Extension + Alert.swift"; sourceTree = "<group>"; };
		73067F062D81CDD50042E0C4 /* SaveMoviePopUp.swift */ = {isa = PBXFileReference; lastKnownFileType = sourcecode.swift; path = SaveMoviePopUp.swift; sourceTree = "<group>"; };
		73067F072D81CDD50042E0C4 /* SaveMoviePopUp.xib */ = {isa = PBXFileReference; lastKnownFileType = file.xib; path = SaveMoviePopUp.xib; sourceTree = "<group>"; };
		7318A0DA2D8FFD5900DA3898 /* FilterCriteriaBottomSheets.swift */ = {isa = PBXFileReference; lastKnownFileType = sourcecode.swift; path = FilterCriteriaBottomSheets.swift; sourceTree = "<group>"; };
		7318A0DB2D8FFD5900DA3898 /* FilterCriteriaBottomSheets.xib */ = {isa = PBXFileReference; lastKnownFileType = file.xib; path = FilterCriteriaBottomSheets.xib; sourceTree = "<group>"; };
		731AD1E02DBA73A2008EA423 /* LoginViewController.swift */ = {isa = PBXFileReference; lastKnownFileType = sourcecode.swift; path = LoginViewController.swift; sourceTree = "<group>"; };
		731AD1E12DBA73A2008EA423 /* LoginViewController.xib */ = {isa = PBXFileReference; lastKnownFileType = file.xib; path = LoginViewController.xib; sourceTree = "<group>"; };
		731AD1E52DBA73D4008EA423 /* SignUpViewController.swift */ = {isa = PBXFileReference; lastKnownFileType = sourcecode.swift; path = SignUpViewController.swift; sourceTree = "<group>"; };
		731AD1E62DBA73D4008EA423 /* SignUpViewController.xib */ = {isa = PBXFileReference; lastKnownFileType = file.xib; path = SignUpViewController.xib; sourceTree = "<group>"; };
		731AD1EB2DBA7412008EA423 /* ForgotPasswordViewController.swift */ = {isa = PBXFileReference; lastKnownFileType = sourcecode.swift; path = ForgotPasswordViewController.swift; sourceTree = "<group>"; };
		731AD1EC2DBA7412008EA423 /* ForgotPasswordViewController.xib */ = {isa = PBXFileReference; lastKnownFileType = file.xib; path = ForgotPasswordViewController.xib; sourceTree = "<group>"; };
		73215B902D71A8AE00595A86 /* Movies.app */ = {isa = PBXFileReference; explicitFileType = wrapper.application; includeInIndex = 0; path = Movies.app; sourceTree = BUILT_PRODUCTS_DIR; };
		73215BA82D71A8F400595A86 /* AppDelegate.swift */ = {isa = PBXFileReference; lastKnownFileType = sourcecode.swift; path = AppDelegate.swift; sourceTree = "<group>"; };
		73215BA92D71A8F400595A86 /* Assets.xcassets */ = {isa = PBXFileReference; lastKnownFileType = folder.assetcatalog; path = Assets.xcassets; sourceTree = "<group>"; };
		73215BAA2D71A8F400595A86 /* Info.plist */ = {isa = PBXFileReference; lastKnownFileType = text.plist.xml; path = Info.plist; sourceTree = "<group>"; };
		73215BAB2D71A8F400595A86 /* Base */ = {isa = PBXFileReference; lastKnownFileType = file.storyboard; name = Base; path = Base.lproj/LaunchScreen.storyboard; sourceTree = "<group>"; };
		73215BAD2D71A8F400595A86 /* Base */ = {isa = PBXFileReference; lastKnownFileType = file.storyboard; name = Base; path = Base.lproj/Main.storyboard; sourceTree = "<group>"; };
		73215BAF2D71A8F400595A86 /* SceneDelegate.swift */ = {isa = PBXFileReference; lastKnownFileType = sourcecode.swift; path = SceneDelegate.swift; sourceTree = "<group>"; };
		73215BB02D71A8F400595A86 /* ViewController.swift */ = {isa = PBXFileReference; lastKnownFileType = sourcecode.swift; path = ViewController.swift; sourceTree = "<group>"; };
		73215BBE2D71AE3C00595A86 /* vi */ = {isa = PBXFileReference; lastKnownFileType = text.plist.strings; name = vi; path = vi.lproj/Main.strings; sourceTree = "<group>"; };
		73215BC02D71AE8200595A86 /* en */ = {isa = PBXFileReference; lastKnownFileType = text.plist.strings; name = en; path = en.lproj/Localizable.strings; sourceTree = "<group>"; };
		73215BC22D71AECE00595A86 /* vi */ = {isa = PBXFileReference; lastKnownFileType = text.plist.strings; name = vi; path = vi.lproj/Localizable.strings; sourceTree = "<group>"; };
		73215BC72D71AFF500595A86 /* HomeViewController.swift */ = {isa = PBXFileReference; lastKnownFileType = sourcecode.swift; path = HomeViewController.swift; sourceTree = "<group>"; };
		73215BC82D71AFF500595A86 /* HomeViewController.xib */ = {isa = PBXFileReference; lastKnownFileType = file.xib; path = HomeViewController.xib; sourceTree = "<group>"; };
		73215BD42D71B03F00595A86 /* SettingViewController.swift */ = {isa = PBXFileReference; lastKnownFileType = sourcecode.swift; path = SettingViewController.swift; sourceTree = "<group>"; };
		73215BD52D71B03F00595A86 /* SettingViewController.xib */ = {isa = PBXFileReference; lastKnownFileType = file.xib; path = SettingViewController.xib; sourceTree = "<group>"; };
		73215BDB2D71BF2000595A86 /* TabbarViewController.swift */ = {isa = PBXFileReference; lastKnownFileType = sourcecode.swift; path = TabbarViewController.swift; sourceTree = "<group>"; };
		73215BDC2D71BF2000595A86 /* TabbarViewController.xib */ = {isa = PBXFileReference; lastKnownFileType = file.xib; path = TabbarViewController.xib; sourceTree = "<group>"; };
		73215BE12D71C8A900595A86 /* HomeCell.swift */ = {isa = PBXFileReference; lastKnownFileType = sourcecode.swift; path = HomeCell.swift; sourceTree = "<group>"; };
		73215BE22D71C8A900595A86 /* HomeCell.xib */ = {isa = PBXFileReference; lastKnownFileType = file.xib; path = HomeCell.xib; sourceTree = "<group>"; };
		73215BE52D71D5A100595A86 /* FirebaseManager.swift */ = {isa = PBXFileReference; lastKnownFileType = sourcecode.swift; path = FirebaseManager.swift; sourceTree = "<group>"; };
		73215BE82D71D92800595A86 /* CompareMoviesViewController.swift */ = {isa = PBXFileReference; lastKnownFileType = sourcecode.swift; path = CompareMoviesViewController.swift; sourceTree = "<group>"; };
		73215BE92D71D92800595A86 /* CompareMoviesViewController.xib */ = {isa = PBXFileReference; lastKnownFileType = file.xib; path = CompareMoviesViewController.xib; sourceTree = "<group>"; };
		732E323D2D9F3387005A0E9C /* HistoryHeaderView.swift */ = {isa = PBXFileReference; lastKnownFileType = sourcecode.swift; path = HistoryHeaderView.swift; sourceTree = "<group>"; };
		732E323E2D9F3387005A0E9C /* HistoryHeaderView.xib */ = {isa = PBXFileReference; lastKnownFileType = file.xib; path = HistoryHeaderView.xib; sourceTree = "<group>"; };
		7345B9092E5768E000BD4926 /* FirebaseModel.swift */ = {isa = PBXFileReference; lastKnownFileType = sourcecode.swift; path = FirebaseModel.swift; sourceTree = "<group>"; };
		7345CDE02DA17C2A00B33F6D /* FooterCell.swift */ = {isa = PBXFileReference; lastKnownFileType = sourcecode.swift; path = FooterCell.swift; sourceTree = "<group>"; };
		7345CDE22DA17C3D00B33F6D /* FooterCell.xib */ = {isa = PBXFileReference; lastKnownFileType = file.xib; path = FooterCell.xib; sourceTree = "<group>"; };
		734857A12DC29FA100CBD04F /* Extension + Auth.swift */ = {isa = PBXFileReference; lastKnownFileType = sourcecode.swift; path = "Extension + Auth.swift"; sourceTree = "<group>"; };
		734CBB9E2D9217A5004B613A /* ResultsMoreCell.swift */ = {isa = PBXFileReference; lastKnownFileType = sourcecode.swift; path = ResultsMoreCell.swift; sourceTree = "<group>"; };
		734CBB9F2D9217A5004B613A /* ResultsMoreCell.xib */ = {isa = PBXFileReference; lastKnownFileType = file.xib; path = ResultsMoreCell.xib; sourceTree = "<group>"; };
		73554BE72DC5449A0052ED31 /* GoogleService-Info.plist */ = {isa = PBXFileReference; lastKnownFileType = text.plist.xml; path = "GoogleService-Info.plist"; sourceTree = "<group>"; };
		7355C6802D9CC9D7005A2D16 /* Extension + Date.swift */ = {isa = PBXFileReference; lastKnownFileType = sourcecode.swift; path = "Extension + Date.swift"; sourceTree = "<group>"; };
		7359B7BB2D74AAD80049FAB5 /* SearchMoviesViewController.swift */ = {isa = PBXFileReference; lastKnownFileType = sourcecode.swift; path = SearchMoviesViewController.swift; sourceTree = "<group>"; };
		7359B7BC2D74AAD80049FAB5 /* SearchMoviesViewController.xib */ = {isa = PBXFileReference; lastKnownFileType = file.xib; path = SearchMoviesViewController.xib; sourceTree = "<group>"; };
		7359B7C12D74C4960049FAB5 /* CompareCell.swift */ = {isa = PBXFileReference; lastKnownFileType = sourcecode.swift; path = CompareCell.swift; sourceTree = "<group>"; };
		7359B7C22D74C4960049FAB5 /* CompareCell.xib */ = {isa = PBXFileReference; lastKnownFileType = file.xib; path = CompareCell.xib; sourceTree = "<group>"; };
		7359B7C72D74E5A60049FAB5 /* ResultsViewController.swift */ = {isa = PBXFileReference; lastKnownFileType = sourcecode.swift; path = ResultsViewController.swift; sourceTree = "<group>"; };
		7359B7C82D74E5A60049FAB5 /* ResultsViewController.xib */ = {isa = PBXFileReference; lastKnownFileType = file.xib; path = ResultsViewController.xib; sourceTree = "<group>"; };
		7359B7D02D74E8170049FAB5 /* ResultsCell.swift */ = {isa = PBXFileReference; lastKnownFileType = sourcecode.swift; path = ResultsCell.swift; sourceTree = "<group>"; };
		7359B7D12D74E8170049FAB5 /* ResultsCell.xib */ = {isa = PBXFileReference; lastKnownFileType = file.xib; path = ResultsCell.xib; sourceTree = "<group>"; };
		735E2B322D869A8A00BB3562 /* CustomHeaderMoreView.swift */ = {isa = PBXFileReference; lastKnownFileType = sourcecode.swift; path = CustomHeaderMoreView.swift; sourceTree = "<group>"; };
		735E2B342D869A9800BB3562 /* CustomHeaderMoreView.xib */ = {isa = PBXFileReference; lastKnownFileType = file.xib; path = CustomHeaderMoreView.xib; sourceTree = "<group>"; };
		7360A5542D811B860084E567 /* SettingCell.swift */ = {isa = PBXFileReference; lastKnownFileType = sourcecode.swift; path = SettingCell.swift; sourceTree = "<group>"; };
		7360A5552D811B860084E567 /* SettingCell.xib */ = {isa = PBXFileReference; lastKnownFileType = file.xib; path = SettingCell.xib; sourceTree = "<group>"; };
		7360A5582D81236B0084E567 /* HistoryViewController.swift */ = {isa = PBXFileReference; lastKnownFileType = sourcecode.swift; path = HistoryViewController.swift; sourceTree = "<group>"; };
		7360A5592D81236B0084E567 /* HistoryViewController.xib */ = {isa = PBXFileReference; lastKnownFileType = file.xib; path = HistoryViewController.xib; sourceTree = "<group>"; };
		7360A5612D81277D0084E567 /* WatchlistCell.swift */ = {isa = PBXFileReference; lastKnownFileType = sourcecode.swift; path = WatchlistCell.swift; sourceTree = "<group>"; };
		7360A5622D81277D0084E567 /* WatchlistCell.xib */ = {isa = PBXFileReference; lastKnownFileType = file.xib; path = WatchlistCell.xib; sourceTree = "<group>"; };
		736B98ED2DAE9FE200A0FF62 /* LanguageBottomSheets.swift */ = {isa = PBXFileReference; lastKnownFileType = sourcecode.swift; path = LanguageBottomSheets.swift; sourceTree = "<group>"; };
		736B98EE2DAE9FE200A0FF62 /* LanguageBottomSheets.xib */ = {isa = PBXFileReference; lastKnownFileType = file.xib; path = LanguageBottomSheets.xib; sourceTree = "<group>"; };
		736B98F22DAEA48400A0FF62 /* UserDefaultKey.swift */ = {isa = PBXFileReference; lastKnownFileType = sourcecode.swift; path = UserDefaultKey.swift; sourceTree = "<group>"; };
		738482CE2D8B8F4B009BA729 /* SelectCell.swift */ = {isa = PBXFileReference; lastKnownFileType = sourcecode.swift; path = SelectCell.swift; sourceTree = "<group>"; };
		738482CF2D8B8F4B009BA729 /* SelectCell.xib */ = {isa = PBXFileReference; lastKnownFileType = file.xib; path = SelectCell.xib; sourceTree = "<group>"; };
		738F4BAC2DAA1FB9004F5C10 /* Extension + Gesture.swift */ = {isa = PBXFileReference; lastKnownFileType = sourcecode.swift; path = "Extension + Gesture.swift"; sourceTree = "<group>"; };
		738F97342E5DF9BD00107EFB /* CommentViewController.swift */ = {isa = PBXFileReference; lastKnownFileType = sourcecode.swift; path = CommentViewController.swift; sourceTree = "<group>"; };
		738F97352E5DF9BD00107EFB /* CommentViewController.xib */ = {isa = PBXFileReference; lastKnownFileType = file.xib; path = CommentViewController.xib; sourceTree = "<group>"; };
		739480B22D77E8F800980400 /* Extension + Image.swift */ = {isa = PBXFileReference; lastKnownFileType = sourcecode.swift; path = "Extension + Image.swift"; sourceTree = "<group>"; };
		739574D72D78BBBE002B9C1F /* Extension + GradientLayer.swift */ = {isa = PBXFileReference; lastKnownFileType = sourcecode.swift; path = "Extension + GradientLayer.swift"; sourceTree = "<group>"; };
		739EC4052DAAA22300446B29 /* OnboardingViewController.swift */ = {isa = PBXFileReference; lastKnownFileType = sourcecode.swift; path = OnboardingViewController.swift; sourceTree = "<group>"; };
		739EC4062DAAA22300446B29 /* OnboardingViewController.xib */ = {isa = PBXFileReference; lastKnownFileType = file.xib; path = OnboardingViewController.xib; sourceTree = "<group>"; };
		739EC40A2DAAA3D300446B29 /* OnboardingCell.swift */ = {isa = PBXFileReference; lastKnownFileType = sourcecode.swift; path = OnboardingCell.swift; sourceTree = "<group>"; };
		739EC40B2DAAA3D300446B29 /* OnboardingCell.xib */ = {isa = PBXFileReference; lastKnownFileType = file.xib; path = OnboardingCell.xib; sourceTree = "<group>"; };
		739EC4102DAAC1DC00446B29 /* OnboaringSlide.swift */ = {isa = PBXFileReference; lastKnownFileType = sourcecode.swift; path = OnboaringSlide.swift; sourceTree = "<group>"; };
		739F6BB52E560E09004DEA61 /* BaseViewController.swift */ = {isa = PBXFileReference; lastKnownFileType = sourcecode.swift; path = BaseViewController.swift; sourceTree = "<group>"; };
		739F6BB62E560E09004DEA61 /* BaseViewController.xib */ = {isa = PBXFileReference; lastKnownFileType = file.xib; path = BaseViewController.xib; sourceTree = "<group>"; };
		73A60A932E586E4800951F09 /* UsersViewController.swift */ = {isa = PBXFileReference; lastKnownFileType = sourcecode.swift; path = UsersViewController.swift; sourceTree = "<group>"; };
		73A60A942E586E4800951F09 /* UsersViewController.xib */ = {isa = PBXFileReference; lastKnownFileType = file.xib; path = UsersViewController.xib; sourceTree = "<group>"; };
		73A6DA8F2DAD493700A1637E /* FeedbackViewController.swift */ = {isa = PBXFileReference; lastKnownFileType = sourcecode.swift; path = FeedbackViewController.swift; sourceTree = "<group>"; };
		73A6DA902DAD493700A1637E /* FeedbackViewController.xib */ = {isa = PBXFileReference; lastKnownFileType = file.xib; path = FeedbackViewController.xib; sourceTree = "<group>"; };
		73A6DAA02DAD638A00A1637E /* ChatViewController.swift */ = {isa = PBXFileReference; lastKnownFileType = sourcecode.swift; path = ChatViewController.swift; sourceTree = "<group>"; };
		73A6DAA12DAD638A00A1637E /* ChatViewController.xib */ = {isa = PBXFileReference; lastKnownFileType = file.xib; path = ChatViewController.xib; sourceTree = "<group>"; };
		73C05BC92D9E36F5006DAC44 /* PlayVideoViewController.swift */ = {isa = PBXFileReference; lastKnownFileType = sourcecode.swift; path = PlayVideoViewController.swift; sourceTree = "<group>"; };
		73C05BCA2D9E36F5006DAC44 /* PlayVideoViewController.xib */ = {isa = PBXFileReference; lastKnownFileType = file.xib; path = PlayVideoViewController.xib; sourceTree = "<group>"; };
		73C283A92E598F02000E1CE2 /* AddMovieViewController.swift */ = {isa = PBXFileReference; lastKnownFileType = sourcecode.swift; path = AddMovieViewController.swift; sourceTree = "<group>"; };
		73C283AA2E598F02000E1CE2 /* AddMovieViewController.xib */ = {isa = PBXFileReference; lastKnownFileType = file.xib; path = AddMovieViewController.xib; sourceTree = "<group>"; };
		73C652462D7D7C1500ED524D /* CustomHeaderView.swift */ = {isa = PBXFileReference; lastKnownFileType = sourcecode.swift; path = CustomHeaderView.swift; sourceTree = "<group>"; };
		73C652482D7D7C2300ED524D /* CustomHeaderView.xib */ = {isa = PBXFileReference; lastKnownFileType = file.xib; path = CustomHeaderView.xib; sourceTree = "<group>"; };
		73CAA55A2D92BBEB00983DF0 /* DetailsViewController.swift */ = {isa = PBXFileReference; lastKnownFileType = sourcecode.swift; path = DetailsViewController.swift; sourceTree = "<group>"; };
		73CAA55B2D92BBEB00983DF0 /* DetailsViewController.xib */ = {isa = PBXFileReference; lastKnownFileType = file.xib; path = DetailsViewController.xib; sourceTree = "<group>"; };
		73D089692D7B7CAA001C61DB /* Extension + Radius.swift */ = {isa = PBXFileReference; lastKnownFileType = sourcecode.swift; path = "Extension + Radius.swift"; sourceTree = "<group>"; };
		73D0896B2D7B7D67001C61DB /* Extension + Border.swift */ = {isa = PBXFileReference; lastKnownFileType = sourcecode.swift; path = "Extension + Border.swift"; sourceTree = "<group>"; };
		73D0896D2D7B7D9B001C61DB /* Extension + Corner.swift */ = {isa = PBXFileReference; lastKnownFileType = sourcecode.swift; path = "Extension + Corner.swift"; sourceTree = "<group>"; };
		73DADFBF2D82355000F1ACD7 /* NewFolderPopUp.swift */ = {isa = PBXFileReference; lastKnownFileType = sourcecode.swift; path = NewFolderPopUp.swift; sourceTree = "<group>"; };
		73DADFC02D82355000F1ACD7 /* NewFolderPopUp.xib */ = {isa = PBXFileReference; lastKnownFileType = file.xib; path = NewFolderPopUp.xib; sourceTree = "<group>"; };
		73DADFC52D8239A900F1ACD7 /* FolderWatchListViewController.swift */ = {isa = PBXFileReference; lastKnownFileType = sourcecode.swift; path = FolderWatchListViewController.swift; sourceTree = "<group>"; };
		73DADFC62D8239A900F1ACD7 /* FolderWatchListViewController.xib */ = {isa = PBXFileReference; lastKnownFileType = file.xib; path = FolderWatchListViewController.xib; sourceTree = "<group>"; };
		73DADFC92D823C3F00F1ACD7 /* Extension + PopUp.swift */ = {isa = PBXFileReference; lastKnownFileType = sourcecode.swift; path = "Extension + PopUp.swift"; sourceTree = "<group>"; };
		73DADFCC2D82445900F1ACD7 /* FolderCell.swift */ = {isa = PBXFileReference; lastKnownFileType = sourcecode.swift; path = FolderCell.swift; sourceTree = "<group>"; };
		73DADFCD2D82445900F1ACD7 /* FolderCell.xib */ = {isa = PBXFileReference; lastKnownFileType = file.xib; path = FolderCell.xib; sourceTree = "<group>"; };
		73E5DD612D8376CC00C75E53 /* SelectFolderBottomSheets.swift */ = {isa = PBXFileReference; lastKnownFileType = sourcecode.swift; path = SelectFolderBottomSheets.swift; sourceTree = "<group>"; };
		73E5DD622D8376CC00C75E53 /* SelectFolderBottomSheets.xib */ = {isa = PBXFileReference; lastKnownFileType = file.xib; path = SelectFolderBottomSheets.xib; sourceTree = "<group>"; };
		73E5DD662D839DCA00C75E53 /* WatchListViewController.swift */ = {isa = PBXFileReference; lastKnownFileType = sourcecode.swift; path = WatchListViewController.swift; sourceTree = "<group>"; };
		73E5DD672D839DCA00C75E53 /* WatchListViewController.xib */ = {isa = PBXFileReference; lastKnownFileType = file.xib; path = WatchListViewController.xib; sourceTree = "<group>"; };
		9A1BD0B0921D71B4AB3F2209 /* Pods-Movies.debug.xcconfig */ = {isa = PBXFileReference; includeInIndex = 1; lastKnownFileType = text.xcconfig; name = "Pods-Movies.debug.xcconfig"; path = "Target Support Files/Pods-Movies/Pods-Movies.debug.xcconfig"; sourceTree = "<group>"; };
		AD574074D4EC7A9C8AE483C6 /* Pods_Movies.framework */ = {isa = PBXFileReference; explicitFileType = wrapper.framework; includeInIndex = 0; path = Pods_Movies.framework; sourceTree = BUILT_PRODUCTS_DIR; };
		E7ABDF2C5F3AABDFB0A615D5 /* Pods-Movies.release.xcconfig */ = {isa = PBXFileReference; includeInIndex = 1; lastKnownFileType = text.xcconfig; name = "Pods-Movies.release.xcconfig"; path = "Target Support Files/Pods-Movies/Pods-Movies.release.xcconfig"; sourceTree = "<group>"; };
/* End PBXFileReference section */

/* Begin PBXFrameworksBuildPhase section */
		73215B8D2D71A8AE00595A86 /* Frameworks */ = {
			isa = PBXFrameworksBuildPhase;
			buildActionMask = 2147483647;
			files = (
				5EEC33801A55E13D9C33E9BA /* Pods_Movies.framework in Frameworks */,
			);
			runOnlyForDeploymentPostprocessing = 0;
		};
/* End PBXFrameworksBuildPhase section */

/* Begin PBXGroup section */
		73001FEE2D75EB5A00ACB84B /* HistoryMovies */ = {
			isa = PBXGroup;
			children = (
				7360A5582D81236B0084E567 /* HistoryViewController.swift */,
				7360A5592D81236B0084E567 /* HistoryViewController.xib */,
			);
			path = HistoryMovies;
			sourceTree = "<group>";
		};
		73001FF32D75F48000ACB84B /* SearchCell */ = {
			isa = PBXGroup;
			children = (
				73001FF42D75F4A400ACB84B /* SearchCell.swift */,
				73001FF52D75F4A400ACB84B /* SearchCell.xib */,
			);
			path = SearchCell;
			sourceTree = "<group>";
		};
		73067F052D81CD7E0042E0C4 /* PopUp */ = {
			isa = PBXGroup;
			children = (
				73DADFC42D82356800F1ACD7 /* NewFolder */,
				73DADFC32D82355600F1ACD7 /* SaveMovie */,
			);
			path = PopUp;
			sourceTree = "<group>";
		};
		7318A0D92D8FFD0E00DA3898 /* FilterCriteria */ = {
			isa = PBXGroup;
			children = (
				7318A0DA2D8FFD5900DA3898 /* FilterCriteriaBottomSheets.swift */,
				7318A0DB2D8FFD5900DA3898 /* FilterCriteriaBottomSheets.xib */,
			);
			path = FilterCriteria;
			sourceTree = "<group>";
		};
		7318A0DE2D8FFD6D00DA3898 /* SelectFolder */ = {
			isa = PBXGroup;
			children = (
				73E5DD612D8376CC00C75E53 /* SelectFolderBottomSheets.swift */,
				73E5DD622D8376CC00C75E53 /* SelectFolderBottomSheets.xib */,
			);
			path = SelectFolder;
			sourceTree = "<group>";
		};
		73215B872D71A8AE00595A86 = {
			isa = PBXGroup;
			children = (
				73215BB12D71A8F400595A86 /* Movies */,
				73215B912D71A8AE00595A86 /* Products */,
				A476AB7B91E246C92BC7A5A1 /* Pods */,
				D2F876881716D3E6DD2111EF /* Frameworks */,
			);
			sourceTree = "<group>";
		};
		73215B912D71A8AE00595A86 /* Products */ = {
			isa = PBXGroup;
			children = (
				73215B902D71A8AE00595A86 /* Movies.app */,
			);
			name = Products;
			sourceTree = "<group>";
		};
		73215BB12D71A8F400595A86 /* Movies */ = {
			isa = PBXGroup;
			children = (
				73215BBB2D71A93600595A86 /* Common */,
				73215BB92D71A90A00595A86 /* Helper */,
				739EC4042DAAA1FB00446B29 /* Onboarding */,
				73C6FCD42DB111B800E725EA /* Authorization */,
				73215BBC2D71A94200595A86 /* Screens */,
				737666102D9AE15700739A66 /* ChildView */,
				73215BBD2D71A94A00595A86 /* Resources */,
				73215BAA2D71A8F400595A86 /* Info.plist */,
				73554BE72DC5449A0052ED31 /* GoogleService-Info.plist */,
				73215BBF2D71AE8200595A86 /* Localizable.strings */,
			);
			path = Movies;
			sourceTree = "<group>";
		};
		73215BB92D71A90A00595A86 /* Helper */ = {
			isa = PBXGroup;
			children = (
				739EC40E2DAAC19B00446B29 /* Service */,
				73215BBA2D71A91B00595A86 /* Extensions */,
				736B98F12DAEA45900A0FF62 /* UserDefaultKey */,
			);
			path = Helper;
			sourceTree = "<group>";
		};
		73215BBA2D71A91B00595A86 /* Extensions */ = {
			isa = PBXGroup;
			children = (
				738F4BAC2DAA1FB9004F5C10 /* Extension + Gesture.swift */,
				73D0896B2D7B7D67001C61DB /* Extension + Border.swift */,
				73DADFC92D823C3F00F1ACD7 /* Extension + PopUp.swift */,
				73D0896D2D7B7D9B001C61DB /* Extension + Corner.swift */,
				739574D72D78BBBE002B9C1F /* Extension + GradientLayer.swift */,
				739480B22D77E8F800980400 /* Extension + Image.swift */,
				73D089692D7B7CAA001C61DB /* Extension + Radius.swift */,
				73067F032D81C6590042E0C4 /* Extension + Alert.swift */,
				7355C6802D9CC9D7005A2D16 /* Extension + Date.swift */,
				734857A12DC29FA100CBD04F /* Extension + Auth.swift */,
			);
			path = Extensions;
			sourceTree = "<group>";
		};
		73215BBB2D71A93600595A86 /* Common */ = {
			isa = PBXGroup;
			children = (
				73215BD92D71BEE300595A86 /* Model */,
				73215BD82D71BEDC00595A86 /* View */,
			);
			path = Common;
			sourceTree = "<group>";
		};
		73215BBC2D71A94200595A86 /* Screens */ = {
			isa = PBXGroup;
			children = (
				733EA5752E5A254100239610 /* UsersChat */,
				739F6BB42E560DEA004DEA61 /* Base */,
				73215BC62D71AFD100595A86 /* Settting */,
				73215BC32D71AF8400595A86 /* Home */,
			);
			path = Screens;
			sourceTree = "<group>";
		};
		73215BBD2D71A94A00595A86 /* Resources */ = {
			isa = PBXGroup;
			children = (
				73215BA92D71A8F400595A86 /* Assets.xcassets */,
				73215BA82D71A8F400595A86 /* AppDelegate.swift */,
				73215BAF2D71A8F400595A86 /* SceneDelegate.swift */,
				73215BB02D71A8F400595A86 /* ViewController.swift */,
				73215BAC2D71A8F400595A86 /* LaunchScreen.storyboard */,
				73215BAE2D71A8F400595A86 /* Main.storyboard */,
			);
			path = Resources;
			sourceTree = "<group>";
		};
		73215BC32D71AF8400595A86 /* Home */ = {
			isa = PBXGroup;
			children = (
				73215BC72D71AFF500595A86 /* HomeViewController.swift */,
				73215BC82D71AFF500595A86 /* HomeViewController.xib */,
			);
			path = Home;
			sourceTree = "<group>";
		};
		73215BC62D71AFD100595A86 /* Settting */ = {
			isa = PBXGroup;
			children = (
				73215BD42D71B03F00595A86 /* SettingViewController.swift */,
				73215BD52D71B03F00595A86 /* SettingViewController.xib */,
			);
			path = Settting;
			sourceTree = "<group>";
		};
		73215BD82D71BEDC00595A86 /* View */ = {
			isa = PBXGroup;
			children = (
				73E5DD5E2D8368E100C75E53 /* BottomSheets */,
				73067F052D81CD7E0042E0C4 /* PopUp */,
				73C652452D7D7BD500ED524D /* CustomHeader */,
				7359B7C52D74E5280049FAB5 /* DropDown */,
				73215BDF2D71C86700595A86 /* Cell */,
				73215BDA2D71BEF500595A86 /* Tabbar */,
			);
			path = View;
			sourceTree = "<group>";
		};
		73215BD92D71BEE300595A86 /* Model */ = {
			isa = PBXGroup;
			children = (
				739EC4102DAAC1DC00446B29 /* OnboaringSlide.swift */,
				7345B9092E5768E000BD4926 /* FirebaseModel.swift */,
			);
			path = Model;
			sourceTree = "<group>";
		};
		73215BDA2D71BEF500595A86 /* Tabbar */ = {
			isa = PBXGroup;
			children = (
				73215BDB2D71BF2000595A86 /* TabbarViewController.swift */,
				73215BDC2D71BF2000595A86 /* TabbarViewController.xib */,
			);
			path = Tabbar;
			sourceTree = "<group>";
		};
		73215BDF2D71C86700595A86 /* Cell */ = {
			isa = PBXGroup;
			children = (
				739EC4092DAAA3A700446B29 /* OnboardingCell */,
				73DADFCB2D82442900F1ACD7 /* FolderCell */,
				7360A5632D81277D0084E567 /* WatchlistCell */,
				73215BE02D71C87F00595A86 /* HomeCell */,
				73001FF32D75F48000ACB84B /* SearchCell */,
				7359B7D42D74E81E0049FAB5 /* ResultsCell */,
				7359B7CB2D74E6D50049FAB5 /* SettingCell */,
				7359B7BF2D74C43E0049FAB5 /* CompareCell */,
			);
			path = Cell;
			sourceTree = "<group>";
		};
		73215BE02D71C87F00595A86 /* HomeCell */ = {
			isa = PBXGroup;
			children = (
				73215BE12D71C8A900595A86 /* HomeCell.swift */,
				73215BE22D71C8A900595A86 /* HomeCell.xib */,
			);
			path = HomeCell;
			sourceTree = "<group>";
		};
		73215BE72D71D8E600595A86 /* CompareMovie */ = {
			isa = PBXGroup;
			children = (
				73215BE82D71D92800595A86 /* CompareMoviesViewController.swift */,
				73215BE92D71D92800595A86 /* CompareMoviesViewController.xib */,
			);
			path = CompareMovie;
			sourceTree = "<group>";
		};
		732E32382D9F31FD005A0E9C /* HistoryHeaderView */ = {
			isa = PBXGroup;
			children = (
				732E323D2D9F3387005A0E9C /* HistoryHeaderView.swift */,
				732E323E2D9F3387005A0E9C /* HistoryHeaderView.xib */,
			);
			path = HistoryHeaderView;
			sourceTree = "<group>";
		};
		733EA5752E5A254100239610 /* UsersChat */ = {
			isa = PBXGroup;
			children = (
				73A60A932E586E4800951F09 /* UsersViewController.swift */,
				73A60A942E586E4800951F09 /* UsersViewController.xib */,
			);
			path = UsersChat;
			sourceTree = "<group>";
		};
		733EA5762E5A25E300239610 /* WatchList */ = {
			isa = PBXGroup;
			children = (
				73E5DD662D839DCA00C75E53 /* WatchListViewController.swift */,
				73E5DD672D839DCA00C75E53 /* WatchListViewController.xib */,
			);
			path = WatchList;
			sourceTree = "<group>";
		};
		7359B7BA2D74AAA10049FAB5 /* SearchMovie */ = {
			isa = PBXGroup;
			children = (
				7359B7BB2D74AAD80049FAB5 /* SearchMoviesViewController.swift */,
				7359B7BC2D74AAD80049FAB5 /* SearchMoviesViewController.xib */,
			);
			path = SearchMovie;
			sourceTree = "<group>";
		};
		7359B7BF2D74C43E0049FAB5 /* CompareCell */ = {
			isa = PBXGroup;
			children = (
				7359B7C12D74C4960049FAB5 /* CompareCell.swift */,
				7359B7C22D74C4960049FAB5 /* CompareCell.xib */,
			);
			path = CompareCell;
			sourceTree = "<group>";
		};
		7359B7C52D74E5280049FAB5 /* DropDown */ = {
			isa = PBXGroup;
			children = (
				738482CE2D8B8F4B009BA729 /* SelectCell.swift */,
				738482CF2D8B8F4B009BA729 /* SelectCell.xib */,
			);
			path = DropDown;
			sourceTree = "<group>";
		};
		7359B7C62D74E55F0049FAB5 /* ResultsMovies */ = {
			isa = PBXGroup;
			children = (
				7359B7C72D74E5A60049FAB5 /* ResultsViewController.swift */,
				7359B7C82D74E5A60049FAB5 /* ResultsViewController.xib */,
			);
			path = ResultsMovies;
			sourceTree = "<group>";
		};
		7359B7CB2D74E6D50049FAB5 /* SettingCell */ = {
			isa = PBXGroup;
			children = (
				7360A5542D811B860084E567 /* SettingCell.swift */,
				7360A5552D811B860084E567 /* SettingCell.xib */,
			);
			path = SettingCell;
			sourceTree = "<group>";
		};
		7359B7D42D74E81E0049FAB5 /* ResultsCell */ = {
			isa = PBXGroup;
			children = (
				7359B7D12D74E8170049FAB5 /* ResultsCell.xib */,
				7359B7D02D74E8170049FAB5 /* ResultsCell.swift */,
				734CBB9E2D9217A5004B613A /* ResultsMoreCell.swift */,
				734CBB9F2D9217A5004B613A /* ResultsMoreCell.xib */,
			);
			path = ResultsCell;
			sourceTree = "<group>";
		};
		735E2B302D8699D200BB3562 /* ResultsHeaderTwo */ = {
			isa = PBXGroup;
			children = (
				73C652462D7D7C1500ED524D /* CustomHeaderView.swift */,
				73C652482D7D7C2300ED524D /* CustomHeaderView.xib */,
			);
			path = ResultsHeaderTwo;
			sourceTree = "<group>";
		};
		735E2B312D869A1A00BB3562 /* ResultsHeaderMore */ = {
			isa = PBXGroup;
			children = (
				735E2B322D869A8A00BB3562 /* CustomHeaderMoreView.swift */,
				735E2B342D869A9800BB3562 /* CustomHeaderMoreView.xib */,
			);
			path = ResultsHeaderMore;
			sourceTree = "<group>";
		};
		7360A5632D81277D0084E567 /* WatchlistCell */ = {
			isa = PBXGroup;
			children = (
				7360A5612D81277D0084E567 /* WatchlistCell.swift */,
				7360A5622D81277D0084E567 /* WatchlistCell.xib */,
			);
			path = WatchlistCell;
			sourceTree = "<group>";
		};
		736B98EC2DAE9FA000A0FF62 /* Language */ = {
			isa = PBXGroup;
			children = (
				736B98ED2DAE9FE200A0FF62 /* LanguageBottomSheets.swift */,
				736B98EE2DAE9FE200A0FF62 /* LanguageBottomSheets.xib */,
			);
			path = Language;
			sourceTree = "<group>";
		};
		736B98F12DAEA45900A0FF62 /* UserDefaultKey */ = {
			isa = PBXGroup;
			children = (
				736B98F22DAEA48400A0FF62 /* UserDefaultKey.swift */,
			);
			path = UserDefaultKey;
			sourceTree = "<group>";
		};
		737666102D9AE15700739A66 /* ChildView */ = {
			isa = PBXGroup;
			children = (
				738F97332E5DF99D00107EFB /* Comment */,
				7359B7BA2D74AAA10049FAB5 /* SearchMovie */,
				73215BE72D71D8E600595A86 /* CompareMovie */,
				733EA5762E5A25E300239610 /* WatchList */,
				73A6DA9F2DAD637100A1637E /* Chat */,
				73C283A82E598EE6000E1CE2 /* AddMovie */,
				73A6DA8B2DAD48C100A1637E /* DetailMovie */,
				73A6DA8D2DAD490100A1637E /* Feedback */,
				7359B7C62D74E55F0049FAB5 /* ResultsMovies */,
				73001FEE2D75EB5A00ACB84B /* HistoryMovies */,
				73C283AD2E59B714000E1CE2 /* PlayVideo */,
				73E5DD652D839C5B00C75E53 /* FordelWatchList */,
			);
			path = ChildView;
			sourceTree = "<group>";
		};
		738F97332E5DF99D00107EFB /* Comment */ = {
			isa = PBXGroup;
			children = (
				738F97342E5DF9BD00107EFB /* CommentViewController.swift */,
				738F97352E5DF9BD00107EFB /* CommentViewController.xib */,
			);
			path = Comment;
			sourceTree = "<group>";
		};
		739EC4042DAAA1FB00446B29 /* Onboarding */ = {
			isa = PBXGroup;
			children = (
				739EC4052DAAA22300446B29 /* OnboardingViewController.swift */,
				739EC4062DAAA22300446B29 /* OnboardingViewController.xib */,
			);
			path = Onboarding;
			sourceTree = "<group>";
		};
		739EC4092DAAA3A700446B29 /* OnboardingCell */ = {
			isa = PBXGroup;
			children = (
				739EC40A2DAAA3D300446B29 /* OnboardingCell.swift */,
				739EC40B2DAAA3D300446B29 /* OnboardingCell.xib */,
			);
			path = OnboardingCell;
			sourceTree = "<group>";
		};
		739EC40E2DAAC19B00446B29 /* Service */ = {
			isa = PBXGroup;
			children = (
				73215BE52D71D5A100595A86 /* FirebaseManager.swift */,
			);
			path = Service;
			sourceTree = "<group>";
		};
		739F6BB42E560DEA004DEA61 /* Base */ = {
			isa = PBXGroup;
			children = (
				739F6BB52E560E09004DEA61 /* BaseViewController.swift */,
				739F6BB62E560E09004DEA61 /* BaseViewController.xib */,
			);
			path = Base;
			sourceTree = "<group>";
		};
		73A6DA8B2DAD48C100A1637E /* DetailMovie */ = {
			isa = PBXGroup;
			children = (
				73CAA55B2D92BBEB00983DF0 /* DetailsViewController.xib */,
				73CAA55A2D92BBEB00983DF0 /* DetailsViewController.swift */,
			);
			path = DetailMovie;
			sourceTree = "<group>";
		};
		73A6DA8D2DAD490100A1637E /* Feedback */ = {
			isa = PBXGroup;
			children = (
				73A6DA8F2DAD493700A1637E /* FeedbackViewController.swift */,
				73A6DA902DAD493700A1637E /* FeedbackViewController.xib */,
			);
			path = Feedback;
			sourceTree = "<group>";
		};
		73A6DA9F2DAD637100A1637E /* Chat */ = {
			isa = PBXGroup;
			children = (
				73A6DAA02DAD638A00A1637E /* ChatViewController.swift */,
				73A6DAA12DAD638A00A1637E /* ChatViewController.xib */,
			);
			path = Chat;
			sourceTree = "<group>";
		};
		73C283A82E598EE6000E1CE2 /* AddMovie */ = {
			isa = PBXGroup;
			children = (
				73C283A92E598F02000E1CE2 /* AddMovieViewController.swift */,
				73C283AA2E598F02000E1CE2 /* AddMovieViewController.xib */,
			);
			path = AddMovie;
			sourceTree = "<group>";
		};
		73C283AD2E59B714000E1CE2 /* PlayVideo */ = {
			isa = PBXGroup;
			children = (
				73C05BCA2D9E36F5006DAC44 /* PlayVideoViewController.xib */,
				73C05BC92D9E36F5006DAC44 /* PlayVideoViewController.swift */,
			);
			path = PlayVideo;
			sourceTree = "<group>";
		};
		73C652452D7D7BD500ED524D /* CustomHeader */ = {
			isa = PBXGroup;
			children = (
				735E2B312D869A1A00BB3562 /* ResultsHeaderMore */,
				735E2B302D8699D200BB3562 /* ResultsHeaderTwo */,
				732E32382D9F31FD005A0E9C /* HistoryHeaderView */,
				73F3D34B2D8CAA3300D4703D /* FootedView */,
			);
			path = CustomHeader;
			sourceTree = "<group>";
		};
		73C6FCD42DB111B800E725EA /* Authorization */ = {
			isa = PBXGroup;
			children = (
				731AD1E02DBA73A2008EA423 /* LoginViewController.swift */,
				731AD1E12DBA73A2008EA423 /* LoginViewController.xib */,
				731AD1E52DBA73D4008EA423 /* SignUpViewController.swift */,
				731AD1E62DBA73D4008EA423 /* SignUpViewController.xib */,
				731AD1EB2DBA7412008EA423 /* ForgotPasswordViewController.swift */,
				731AD1EC2DBA7412008EA423 /* ForgotPasswordViewController.xib */,
			);
			path = Authorization;
			sourceTree = "<group>";
		};
		73DADFC32D82355600F1ACD7 /* SaveMovie */ = {
			isa = PBXGroup;
			children = (
				73067F062D81CDD50042E0C4 /* SaveMoviePopUp.swift */,
				73067F072D81CDD50042E0C4 /* SaveMoviePopUp.xib */,
			);
			path = SaveMovie;
			sourceTree = "<group>";
		};
		73DADFC42D82356800F1ACD7 /* NewFolder */ = {
			isa = PBXGroup;
			children = (
				73DADFBF2D82355000F1ACD7 /* NewFolderPopUp.swift */,
				73DADFC02D82355000F1ACD7 /* NewFolderPopUp.xib */,
			);
			path = NewFolder;
			sourceTree = "<group>";
		};
		73DADFCB2D82442900F1ACD7 /* FolderCell */ = {
			isa = PBXGroup;
			children = (
				73DADFCC2D82445900F1ACD7 /* FolderCell.swift */,
				73DADFCD2D82445900F1ACD7 /* FolderCell.xib */,
			);
			path = FolderCell;
			sourceTree = "<group>";
		};
		73E5DD5E2D8368E100C75E53 /* BottomSheets */ = {
			isa = PBXGroup;
			children = (
				736B98EC2DAE9FA000A0FF62 /* Language */,
				7318A0DE2D8FFD6D00DA3898 /* SelectFolder */,
				7318A0D92D8FFD0E00DA3898 /* FilterCriteria */,
			);
			path = BottomSheets;
			sourceTree = "<group>";
		};
		73E5DD652D839C5B00C75E53 /* FordelWatchList */ = {
			isa = PBXGroup;
			children = (
				73DADFC52D8239A900F1ACD7 /* FolderWatchListViewController.swift */,
				73DADFC62D8239A900F1ACD7 /* FolderWatchListViewController.xib */,
			);
			path = FordelWatchList;
			sourceTree = "<group>";
		};
		73F3D34B2D8CAA3300D4703D /* FootedView */ = {
			isa = PBXGroup;
			children = (
				7345CDE02DA17C2A00B33F6D /* FooterCell.swift */,
				7345CDE22DA17C3D00B33F6D /* FooterCell.xib */,
			);
			path = FootedView;
			sourceTree = "<group>";
		};
		A476AB7B91E246C92BC7A5A1 /* Pods */ = {
			isa = PBXGroup;
			children = (
				9A1BD0B0921D71B4AB3F2209 /* Pods-Movies.debug.xcconfig */,
				E7ABDF2C5F3AABDFB0A615D5 /* Pods-Movies.release.xcconfig */,
			);
			path = Pods;
			sourceTree = "<group>";
		};
		D2F876881716D3E6DD2111EF /* Frameworks */ = {
			isa = PBXGroup;
			children = (
				AD574074D4EC7A9C8AE483C6 /* Pods_Movies.framework */,
			);
			name = Frameworks;
			sourceTree = "<group>";
		};
/* End PBXGroup section */

/* Begin PBXNativeTarget section */
		73215B8F2D71A8AE00595A86 /* Movies */ = {
			isa = PBXNativeTarget;
			buildConfigurationList = 73215BA32D71A8B300595A86 /* Build configuration list for PBXNativeTarget "Movies" */;
			buildPhases = (
				61A5560095607A47D07740F2 /* [CP] Check Pods Manifest.lock */,
				73215B8C2D71A8AE00595A86 /* Sources */,
				73215B8D2D71A8AE00595A86 /* Frameworks */,
				73215B8E2D71A8AE00595A86 /* Resources */,
				F6213AB3053B6B866A679DA1 /* [CP] Embed Pods Frameworks */,
			);
			buildRules = (
			);
			dependencies = (
			);
			name = Movies;
			productName = Movies;
			productReference = 73215B902D71A8AE00595A86 /* Movies.app */;
			productType = "com.apple.product-type.application";
		};
/* End PBXNativeTarget section */

/* Begin PBXProject section */
		73215B882D71A8AE00595A86 /* Project object */ = {
			isa = PBXProject;
			attributes = {
				BuildIndependentTargetsInParallel = 1;
				LastSwiftUpdateCheck = 1620;
				LastUpgradeCheck = 1620;
				TargetAttributes = {
					73215B8F2D71A8AE00595A86 = {
						CreatedOnToolsVersion = 16.2;
					};
				};
			};
			buildConfigurationList = 73215B8B2D71A8AE00595A86 /* Build configuration list for PBXProject "Movies" */;
			developmentRegion = en;
			hasScannedForEncodings = 0;
			knownRegions = (
				en,
				Base,
				vi,
			);
			mainGroup = 73215B872D71A8AE00595A86;
			minimizedProjectReferenceProxies = 1;
			preferredProjectObjectVersion = 77;
			productRefGroup = 73215B912D71A8AE00595A86 /* Products */;
			projectDirPath = "";
			projectRoot = "";
			targets = (
				73215B8F2D71A8AE00595A86 /* Movies */,
			);
		};
/* End PBXProject section */

/* Begin PBXResourcesBuildPhase section */
		73215B8E2D71A8AE00595A86 /* Resources */ = {
			isa = PBXResourcesBuildPhase;
			buildActionMask = 2147483647;
			files = (
				7360A5642D81277D0084E567 /* WatchlistCell.xib in Resources */,
				7359B7C32D74C4960049FAB5 /* CompareCell.xib in Resources */,
				73A6DAA32DAD638A00A1637E /* ChatViewController.xib in Resources */,
				73C283AB2E598F02000E1CE2 /* AddMovieViewController.xib in Resources */,
				73E5DD642D8376CC00C75E53 /* SelectFolderBottomSheets.xib in Resources */,
				73215BB52D71A8F400595A86 /* Assets.xcassets in Resources */,
				7345CDE32DA17C3D00B33F6D /* FooterCell.xib in Resources */,
				73554BE82DC5449A0052ED31 /* GoogleService-Info.plist in Resources */,
				7360A55A2D81236B0084E567 /* HistoryViewController.xib in Resources */,
				731AD1ED2DBA7412008EA423 /* ForgotPasswordViewController.xib in Resources */,
				739EC40D2DAAA3D300446B29 /* OnboardingCell.xib in Resources */,
				73215BC12D71AE8200595A86 /* Localizable.strings in Resources */,
				73215BEA2D71D92800595A86 /* CompareMoviesViewController.xib in Resources */,
				736B98EF2DAE9FE200A0FF62 /* LanguageBottomSheets.xib in Resources */,
				73215BCA2D71AFF500595A86 /* HomeViewController.xib in Resources */,
				7360A5562D811B860084E567 /* SettingCell.xib in Resources */,
				734CBBA02D9217A5004B613A /* ResultsMoreCell.xib in Resources */,
				73C652492D7D7C2300ED524D /* CustomHeaderView.xib in Resources */,
				73215BE32D71C8A900595A86 /* HomeCell.xib in Resources */,
				73DADFC22D82355000F1ACD7 /* NewFolderPopUp.xib in Resources */,
				73A6DA912DAD493700A1637E /* FeedbackViewController.xib in Resources */,
				73215BDE2D71BF2000595A86 /* TabbarViewController.xib in Resources */,
				735E2B352D869A9800BB3562 /* CustomHeaderMoreView.xib in Resources */,
				7359B7BE2D74AAD80049FAB5 /* SearchMoviesViewController.xib in Resources */,
				73DADFC82D8239A900F1ACD7 /* FolderWatchListViewController.xib in Resources */,
				73CAA55C2D92BBEB00983DF0 /* DetailsViewController.xib in Resources */,
				731AD1E22DBA73A2008EA423 /* LoginViewController.xib in Resources */,
				738F97362E5DF9BD00107EFB /* CommentViewController.xib in Resources */,
				732E323F2D9F3388005A0E9C /* HistoryHeaderView.xib in Resources */,
				738482D12D8B8F4B009BA729 /* SelectCell.xib in Resources */,
				739EC4082DAAA22300446B29 /* OnboardingViewController.xib in Resources */,
				739F6BB82E560E09004DEA61 /* BaseViewController.xib in Resources */,
				7318A0DC2D8FFD5900DA3898 /* FilterCriteriaBottomSheets.xib in Resources */,
				7359B7D32D74E8170049FAB5 /* ResultsCell.xib in Resources */,
				73215BB72D71A8F400595A86 /* LaunchScreen.storyboard in Resources */,
				73C05BCC2D9E36F5006DAC44 /* PlayVideoViewController.xib in Resources */,
				7359B7C92D74E5A60049FAB5 /* ResultsViewController.xib in Resources */,
				73215BB82D71A8F400595A86 /* Main.storyboard in Resources */,
				73A60A962E586E4800951F09 /* UsersViewController.xib in Resources */,
				73001FF62D75F4A400ACB84B /* SearchCell.xib in Resources */,
				731AD1E72DBA73D4008EA423 /* SignUpViewController.xib in Resources */,
				73215BD62D71B03F00595A86 /* SettingViewController.xib in Resources */,
				73E5DD692D839DCA00C75E53 /* WatchListViewController.xib in Resources */,
				73067F082D81CDD50042E0C4 /* SaveMoviePopUp.xib in Resources */,
				73DADFCF2D82445900F1ACD7 /* FolderCell.xib in Resources */,
			);
			runOnlyForDeploymentPostprocessing = 0;
		};
/* End PBXResourcesBuildPhase section */

/* Begin PBXShellScriptBuildPhase section */
		61A5560095607A47D07740F2 /* [CP] Check Pods Manifest.lock */ = {
			isa = PBXShellScriptBuildPhase;
			buildActionMask = 2147483647;
			files = (
			);
			inputFileListPaths = (
			);
			inputPaths = (
				"${PODS_PODFILE_DIR_PATH}/Podfile.lock",
				"${PODS_ROOT}/Manifest.lock",
			);
			name = "[CP] Check Pods Manifest.lock";
			outputFileListPaths = (
			);
			outputPaths = (
				"$(DERIVED_FILE_DIR)/Pods-Movies-checkManifestLockResult.txt",
			);
			runOnlyForDeploymentPostprocessing = 0;
			shellPath = /bin/sh;
			shellScript = "diff \"${PODS_PODFILE_DIR_PATH}/Podfile.lock\" \"${PODS_ROOT}/Manifest.lock\" > /dev/null\nif [ $? != 0 ] ; then\n    # print error to STDERR\n    echo \"error: The sandbox is not in sync with the Podfile.lock. Run 'pod install' or update your CocoaPods installation.\" >&2\n    exit 1\nfi\n# This output is used by Xcode 'outputs' to avoid re-running this script phase.\necho \"SUCCESS\" > \"${SCRIPT_OUTPUT_FILE_0}\"\n";
			showEnvVarsInLog = 0;
		};
		F6213AB3053B6B866A679DA1 /* [CP] Embed Pods Frameworks */ = {
			isa = PBXShellScriptBuildPhase;
			buildActionMask = 2147483647;
			files = (
			);
			inputFileListPaths = (
				"${PODS_ROOT}/Target Support Files/Pods-Movies/Pods-Movies-frameworks-${CONFIGURATION}-input-files.xcfilelist",
			);
			name = "[CP] Embed Pods Frameworks";
			outputFileListPaths = (
				"${PODS_ROOT}/Target Support Files/Pods-Movies/Pods-Movies-frameworks-${CONFIGURATION}-output-files.xcfilelist",
			);
			runOnlyForDeploymentPostprocessing = 0;
			shellPath = /bin/sh;
			shellScript = "\"${PODS_ROOT}/Target Support Files/Pods-Movies/Pods-Movies-frameworks.sh\"\n";
			showEnvVarsInLog = 0;
		};
/* End PBXShellScriptBuildPhase section */

/* Begin PBXSourcesBuildPhase section */
		73215B8C2D71A8AE00595A86 /* Sources */ = {
			isa = PBXSourcesBuildPhase;
			buildActionMask = 2147483647;
			files = (
				73215BDD2D71BF2000595A86 /* TabbarViewController.swift in Sources */,
				739EC4112DAAC1DC00446B29 /* OnboaringSlide.swift in Sources */,
				73067F092D81CDD50042E0C4 /* SaveMoviePopUp.swift in Sources */,
				739480B32D77E90900980400 /* Extension + Image.swift in Sources */,
				7355C6812D9CC9D7005A2D16 /* Extension + Date.swift in Sources */,
				735E2B332D869A8A00BB3562 /* CustomHeaderMoreView.swift in Sources */,
				732E32402D9F3388005A0E9C /* HistoryHeaderView.swift in Sources */,
				73215BB22D71A8F400595A86 /* AppDelegate.swift in Sources */,
				739EC4072DAAA22300446B29 /* OnboardingViewController.swift in Sources */,
				73E5DD632D8376CC00C75E53 /* SelectFolderBottomSheets.swift in Sources */,
				73D0896A2D7B7CAA001C61DB /* Extension + Radius.swift in Sources */,
				73DADFC12D82355000F1ACD7 /* NewFolderPopUp.swift in Sources */,
				736B98F02DAE9FE200A0FF62 /* LanguageBottomSheets.swift in Sources */,
				7345CDE12DA17C2A00B33F6D /* FooterCell.swift in Sources */,
				73CAA55D2D92BBEB00983DF0 /* DetailsViewController.swift in Sources */,
				73215BB32D71A8F400595A86 /* SceneDelegate.swift in Sources */,
				736B98F32DAEA48900A0FF62 /* UserDefaultKey.swift in Sources */,
				73215BB42D71A8F400595A86 /* ViewController.swift in Sources */,
				7359B7BD2D74AAD80049FAB5 /* SearchMoviesViewController.swift in Sources */,
				73E5DD682D839DCA00C75E53 /* WatchListViewController.swift in Sources */,
				739574D82D78BBD1002B9C1F /* Extension + GradientLayer.swift in Sources */,
				73A6DAA22DAD638A00A1637E /* ChatViewController.swift in Sources */,
				734CBBA12D9217A5004B613A /* ResultsMoreCell.swift in Sources */,
				731AD1EE2DBA7412008EA423 /* ForgotPasswordViewController.swift in Sources */,
				738482D02D8B8F4B009BA729 /* SelectCell.swift in Sources */,
				7360A5652D81277D0084E567 /* WatchlistCell.swift in Sources */,
				73DADFCE2D82445900F1ACD7 /* FolderCell.swift in Sources */,
				7345B90A2E5768E000BD4926 /* FirebaseModel.swift in Sources */,
				7359B7D22D74E8170049FAB5 /* ResultsCell.swift in Sources */,
				7318A0DD2D8FFD5900DA3898 /* FilterCriteriaBottomSheets.swift in Sources */,
				73215BD72D71B03F00595A86 /* SettingViewController.swift in Sources */,
				73C283AC2E598F02000E1CE2 /* AddMovieViewController.swift in Sources */,
				7359B7CA2D74E5A60049FAB5 /* ResultsViewController.swift in Sources */,
				7360A55B2D81236B0084E567 /* HistoryViewController.swift in Sources */,
				73215BE62D71D5D100595A86 /* FirebaseManager.swift in Sources */,
				73A6DA922DAD493700A1637E /* FeedbackViewController.swift in Sources */,
				73215BEB2D71D92800595A86 /* CompareMoviesViewController.swift in Sources */,
				73DADFCA2D823C4E00F1ACD7 /* Extension + PopUp.swift in Sources */,
				739EC40C2DAAA3D300446B29 /* OnboardingCell.swift in Sources */,
				73C05BCB2D9E36F5006DAC44 /* PlayVideoViewController.swift in Sources */,
				739F6BB72E560E09004DEA61 /* BaseViewController.swift in Sources */,
				731AD1E32DBA73A2008EA423 /* LoginViewController.swift in Sources */,
				73001FF72D75F4A400ACB84B /* SearchCell.swift in Sources */,
				73DADFC72D8239A900F1ACD7 /* FolderWatchListViewController.swift in Sources */,
				738F4BAD2DAA1FBC004F5C10 /* Extension + Gesture.swift in Sources */,
				73A60A952E586E4800951F09 /* UsersViewController.swift in Sources */,
				73215BE42D71C8A900595A86 /* HomeCell.swift in Sources */,
				73D0896C2D7B7D81001C61DB /* Extension + Border.swift in Sources */,
				7360A5572D811B860084E567 /* SettingCell.swift in Sources */,
				731AD1E82DBA73D4008EA423 /* SignUpViewController.swift in Sources */,
				73067F042D81C6590042E0C4 /* Extension + Alert.swift in Sources */,
				73C652472D7D7C1500ED524D /* CustomHeaderView.swift in Sources */,
				73215BC92D71AFF500595A86 /* HomeViewController.swift in Sources */,
				734857A22DC29FA100CBD04F /* Extension + Auth.swift in Sources */,
				7359B7C42D74C4960049FAB5 /* CompareCell.swift in Sources */,
				73D0896E2D7B7DAF001C61DB /* Extension + Corner.swift in Sources */,
				738F97372E5DF9BD00107EFB /* CommentViewController.swift in Sources */,
			);
			runOnlyForDeploymentPostprocessing = 0;
		};
/* End PBXSourcesBuildPhase section */

/* Begin PBXVariantGroup section */
		73215BAC2D71A8F400595A86 /* LaunchScreen.storyboard */ = {
			isa = PBXVariantGroup;
			children = (
				73215BAB2D71A8F400595A86 /* Base */,
			);
			name = LaunchScreen.storyboard;
			sourceTree = "<group>";
		};
		73215BAE2D71A8F400595A86 /* Main.storyboard */ = {
			isa = PBXVariantGroup;
			children = (
				73215BAD2D71A8F400595A86 /* Base */,
				73215BBE2D71AE3C00595A86 /* vi */,
			);
			name = Main.storyboard;
			sourceTree = "<group>";
		};
		73215BBF2D71AE8200595A86 /* Localizable.strings */ = {
			isa = PBXVariantGroup;
			children = (
				73215BC02D71AE8200595A86 /* en */,
				73215BC22D71AECE00595A86 /* vi */,
			);
			name = Localizable.strings;
			sourceTree = "<group>";
		};
/* End PBXVariantGroup section */

/* Begin XCBuildConfiguration section */
		73215BA42D71A8B300595A86 /* Debug */ = {
			isa = XCBuildConfiguration;
			baseConfigurationReference = 9A1BD0B0921D71B4AB3F2209 /* Pods-Movies.debug.xcconfig */;
			buildSettings = {
				ASSETCATALOG_COMPILER_APPICON_NAME = AppIcon;
				ASSETCATALOG_COMPILER_GLOBAL_ACCENT_COLOR_NAME = AccentColor;
				CODE_SIGN_IDENTITY = "Apple Development";
				CODE_SIGN_STYLE = Automatic;
				CURRENT_PROJECT_VERSION = 1;
				DEVELOPMENT_TEAM = 2SYZZSR523;
				ENABLE_USER_SCRIPT_SANDBOXING = NO;
				GENERATE_INFOPLIST_FILE = YES;
				INFOPLIST_FILE = Movies/Info.plist;
				INFOPLIST_KEY_UIApplicationSupportsIndirectInputEvents = YES;
				INFOPLIST_KEY_UILaunchStoryboardName = LaunchScreen;
				INFOPLIST_KEY_UIMainStoryboardFile = Main;
				INFOPLIST_KEY_UISupportedInterfaceOrientations_iPad = "UIInterfaceOrientationPortrait UIInterfaceOrientationPortraitUpsideDown UIInterfaceOrientationLandscapeLeft UIInterfaceOrientationLandscapeRight";
				INFOPLIST_KEY_UISupportedInterfaceOrientations_iPhone = "UIInterfaceOrientationPortrait UIInterfaceOrientationLandscapeLeft UIInterfaceOrientationLandscapeRight";
				IPHONEOS_DEPLOYMENT_TARGET = 15.6;
				LD_RUNPATH_SEARCH_PATHS = (
					"$(inherited)",
					"@executable_path/Frameworks",
				);
				MARKETING_VERSION = 1.0;
				PRODUCT_BUNDLE_IDENTIFIER = HDT.Movies;
				PRODUCT_NAME = "$(TARGET_NAME)";
				PROVISIONING_PROFILE_SPECIFIER = "";
				SWIFT_EMIT_LOC_STRINGS = YES;
				SWIFT_VERSION = 5.0;
				TARGETED_DEVICE_FAMILY = "1,2";
			};
			name = Debug;
		};
		73215BA52D71A8B300595A86 /* Release */ = {
			isa = XCBuildConfiguration;
			baseConfigurationReference = E7ABDF2C5F3AABDFB0A615D5 /* Pods-Movies.release.xcconfig */;
			buildSettings = {
				ASSETCATALOG_COMPILER_APPICON_NAME = AppIcon;
				ASSETCATALOG_COMPILER_GLOBAL_ACCENT_COLOR_NAME = AccentColor;
				CODE_SIGN_IDENTITY = "Apple Development";
				CODE_SIGN_STYLE = Automatic;
				CURRENT_PROJECT_VERSION = 1;
				DEVELOPMENT_TEAM = 2SYZZSR523;
				ENABLE_USER_SCRIPT_SANDBOXING = NO;
				GENERATE_INFOPLIST_FILE = YES;
				INFOPLIST_FILE = Movies/Info.plist;
				INFOPLIST_KEY_UIApplicationSupportsIndirectInputEvents = YES;
				INFOPLIST_KEY_UILaunchStoryboardName = LaunchScreen;
				INFOPLIST_KEY_UIMainStoryboardFile = Main;
				INFOPLIST_KEY_UISupportedInterfaceOrientations_iPad = "UIInterfaceOrientationPortrait UIInterfaceOrientationPortraitUpsideDown UIInterfaceOrientationLandscapeLeft UIInterfaceOrientationLandscapeRight";
				INFOPLIST_KEY_UISupportedInterfaceOrientations_iPhone = "UIInterfaceOrientationPortrait UIInterfaceOrientationLandscapeLeft UIInterfaceOrientationLandscapeRight";
				IPHONEOS_DEPLOYMENT_TARGET = 15.6;
				LD_RUNPATH_SEARCH_PATHS = (
					"$(inherited)",
					"@executable_path/Frameworks",
				);
				MARKETING_VERSION = 1.0;
				PRODUCT_BUNDLE_IDENTIFIER = HDT.Movies;
				PRODUCT_NAME = "$(TARGET_NAME)";
				PROVISIONING_PROFILE_SPECIFIER = "";
				SWIFT_EMIT_LOC_STRINGS = YES;
				SWIFT_VERSION = 5.0;
				TARGETED_DEVICE_FAMILY = "1,2";
			};
			name = Release;
		};
		73215BA62D71A8B300595A86 /* Debug */ = {
			isa = XCBuildConfiguration;
			buildSettings = {
				ALWAYS_SEARCH_USER_PATHS = NO;
				ASSETCATALOG_COMPILER_GENERATE_SWIFT_ASSET_SYMBOL_EXTENSIONS = YES;
				CLANG_ANALYZER_LOCALIZABILITY_NONLOCALIZED = YES;
				CLANG_ANALYZER_NONNULL = YES;
				CLANG_ANALYZER_NUMBER_OBJECT_CONVERSION = YES_AGGRESSIVE;
				CLANG_CXX_LANGUAGE_STANDARD = "gnu++20";
				CLANG_ENABLE_MODULES = YES;
				CLANG_ENABLE_OBJC_ARC = YES;
				CLANG_ENABLE_OBJC_WEAK = YES;
				CLANG_WARN_BLOCK_CAPTURE_AUTORELEASING = YES;
				CLANG_WARN_BOOL_CONVERSION = YES;
				CLANG_WARN_COMMA = YES;
				CLANG_WARN_CONSTANT_CONVERSION = YES;
				CLANG_WARN_DEPRECATED_OBJC_IMPLEMENTATIONS = YES;
				CLANG_WARN_DIRECT_OBJC_ISA_USAGE = YES_ERROR;
				CLANG_WARN_DOCUMENTATION_COMMENTS = YES;
				CLANG_WARN_EMPTY_BODY = YES;
				CLANG_WARN_ENUM_CONVERSION = YES;
				CLANG_WARN_INFINITE_RECURSION = YES;
				CLANG_WARN_INT_CONVERSION = YES;
				CLANG_WARN_NON_LITERAL_NULL_CONVERSION = YES;
				CLANG_WARN_OBJC_IMPLICIT_RETAIN_SELF = YES;
				CLANG_WARN_OBJC_LITERAL_CONVERSION = YES;
				CLANG_WARN_OBJC_ROOT_CLASS = YES_ERROR;
				CLANG_WARN_QUOTED_INCLUDE_IN_FRAMEWORK_HEADER = YES;
				CLANG_WARN_RANGE_LOOP_ANALYSIS = YES;
				CLANG_WARN_STRICT_PROTOTYPES = YES;
				CLANG_WARN_SUSPICIOUS_MOVE = YES;
				CLANG_WARN_UNGUARDED_AVAILABILITY = YES_AGGRESSIVE;
				CLANG_WARN_UNREACHABLE_CODE = YES;
				CLANG_WARN__DUPLICATE_METHOD_MATCH = YES;
				COPY_PHASE_STRIP = NO;
				DEBUG_INFORMATION_FORMAT = dwarf;
				ENABLE_STRICT_OBJC_MSGSEND = YES;
				ENABLE_TESTABILITY = YES;
				ENABLE_USER_SCRIPT_SANDBOXING = YES;
				GCC_C_LANGUAGE_STANDARD = gnu17;
				GCC_DYNAMIC_NO_PIC = NO;
				GCC_NO_COMMON_BLOCKS = YES;
				GCC_OPTIMIZATION_LEVEL = 0;
				GCC_PREPROCESSOR_DEFINITIONS = (
					"DEBUG=1",
					"$(inherited)",
				);
				GCC_WARN_64_TO_32_BIT_CONVERSION = YES;
				GCC_WARN_ABOUT_RETURN_TYPE = YES_ERROR;
				GCC_WARN_UNDECLARED_SELECTOR = YES;
				GCC_WARN_UNINITIALIZED_AUTOS = YES_AGGRESSIVE;
				GCC_WARN_UNUSED_FUNCTION = YES;
				GCC_WARN_UNUSED_VARIABLE = YES;
				IPHONEOS_DEPLOYMENT_TARGET = 18.2;
				LOCALIZATION_PREFERS_STRING_CATALOGS = YES;
				MTL_ENABLE_DEBUG_INFO = INCLUDE_SOURCE;
				MTL_FAST_MATH = YES;
				ONLY_ACTIVE_ARCH = YES;
				SDKROOT = iphoneos;
				SWIFT_ACTIVE_COMPILATION_CONDITIONS = "DEBUG $(inherited)";
				SWIFT_OPTIMIZATION_LEVEL = "-Onone";
			};
			name = Debug;
		};
		73215BA72D71A8B300595A86 /* Release */ = {
			isa = XCBuildConfiguration;
			buildSettings = {
				ALWAYS_SEARCH_USER_PATHS = NO;
				ASSETCATALOG_COMPILER_GENERATE_SWIFT_ASSET_SYMBOL_EXTENSIONS = YES;
				CLANG_ANALYZER_LOCALIZABILITY_NONLOCALIZED = YES;
				CLANG_ANALYZER_NONNULL = YES;
				CLANG_ANALYZER_NUMBER_OBJECT_CONVERSION = YES_AGGRESSIVE;
				CLANG_CXX_LANGUAGE_STANDARD = "gnu++20";
				CLANG_ENABLE_MODULES = YES;
				CLANG_ENABLE_OBJC_ARC = YES;
				CLANG_ENABLE_OBJC_WEAK = YES;
				CLANG_WARN_BLOCK_CAPTURE_AUTORELEASING = YES;
				CLANG_WARN_BOOL_CONVERSION = YES;
				CLANG_WARN_COMMA = YES;
				CLANG_WARN_CONSTANT_CONVERSION = YES;
				CLANG_WARN_DEPRECATED_OBJC_IMPLEMENTATIONS = YES;
				CLANG_WARN_DIRECT_OBJC_ISA_USAGE = YES_ERROR;
				CLANG_WARN_DOCUMENTATION_COMMENTS = YES;
				CLANG_WARN_EMPTY_BODY = YES;
				CLANG_WARN_ENUM_CONVERSION = YES;
				CLANG_WARN_INFINITE_RECURSION = YES;
				CLANG_WARN_INT_CONVERSION = YES;
				CLANG_WARN_NON_LITERAL_NULL_CONVERSION = YES;
				CLANG_WARN_OBJC_IMPLICIT_RETAIN_SELF = YES;
				CLANG_WARN_OBJC_LITERAL_CONVERSION = YES;
				CLANG_WARN_OBJC_ROOT_CLASS = YES_ERROR;
				CLANG_WARN_QUOTED_INCLUDE_IN_FRAMEWORK_HEADER = YES;
				CLANG_WARN_RANGE_LOOP_ANALYSIS = YES;
				CLANG_WARN_STRICT_PROTOTYPES = YES;
				CLANG_WARN_SUSPICIOUS_MOVE = YES;
				CLANG_WARN_UNGUARDED_AVAILABILITY = YES_AGGRESSIVE;
				CLANG_WARN_UNREACHABLE_CODE = YES;
				CLANG_WARN__DUPLICATE_METHOD_MATCH = YES;
				COPY_PHASE_STRIP = NO;
				DEBUG_INFORMATION_FORMAT = "dwarf-with-dsym";
				ENABLE_NS_ASSERTIONS = NO;
				ENABLE_STRICT_OBJC_MSGSEND = YES;
				ENABLE_USER_SCRIPT_SANDBOXING = YES;
				GCC_C_LANGUAGE_STANDARD = gnu17;
				GCC_NO_COMMON_BLOCKS = YES;
				GCC_WARN_64_TO_32_BIT_CONVERSION = YES;
				GCC_WARN_ABOUT_RETURN_TYPE = YES_ERROR;
				GCC_WARN_UNDECLARED_SELECTOR = YES;
				GCC_WARN_UNINITIALIZED_AUTOS = YES_AGGRESSIVE;
				GCC_WARN_UNUSED_FUNCTION = YES;
				GCC_WARN_UNUSED_VARIABLE = YES;
				IPHONEOS_DEPLOYMENT_TARGET = 18.2;
				LOCALIZATION_PREFERS_STRING_CATALOGS = YES;
				MTL_ENABLE_DEBUG_INFO = NO;
				MTL_FAST_MATH = YES;
				SDKROOT = iphoneos;
				SWIFT_COMPILATION_MODE = wholemodule;
				VALIDATE_PRODUCT = YES;
			};
			name = Release;
		};
/* End XCBuildConfiguration section */

/* Begin XCConfigurationList section */
		73215B8B2D71A8AE00595A86 /* Build configuration list for PBXProject "Movies" */ = {
			isa = XCConfigurationList;
			buildConfigurations = (
				73215BA62D71A8B300595A86 /* Debug */,
				73215BA72D71A8B300595A86 /* Release */,
			);
			defaultConfigurationIsVisible = 0;
			defaultConfigurationName = Release;
		};
		73215BA32D71A8B300595A86 /* Build configuration list for PBXNativeTarget "Movies" */ = {
			isa = XCConfigurationList;
			buildConfigurations = (
				73215BA42D71A8B300595A86 /* Debug */,
				73215BA52D71A8B300595A86 /* Release */,
			);
			defaultConfigurationIsVisible = 0;
			defaultConfigurationName = Release;
		};
/* End XCConfigurationList section */
	};
	rootObject = 73215B882D71A8AE00595A86 /* Project object */;
}
